// !$*UTF8*$!
{
	archiveVersion = 1;
	classes = {
	};
	objectVersion = 46;
	objects = {

/* Begin PBXBuildFile section */
		02AA90E51F00F3F00016DD4E /* AppDelegate.swift in Sources */ = {isa = PBXBuildFile; fileRef = 02AA90E41F00F3F00016DD4E /* AppDelegate.swift */; };
		02AA90E71F00F3F00016DD4E /* ViewController.swift in Sources */ = {isa = PBXBuildFile; fileRef = 02AA90E61F00F3F00016DD4E /* ViewController.swift */; };
		02AA90EA1F00F3F00016DD4E /* Main.storyboard in Resources */ = {isa = PBXBuildFile; fileRef = 02AA90E81F00F3F00016DD4E /* Main.storyboard */; };
		02AA90ED1F00F3F00016DD4E /* Core_Data.xcdatamodeld in Sources */ = {isa = PBXBuildFile; fileRef = 02AA90EB1F00F3F00016DD4E /* Core_Data.xcdatamodeld */; };
		02AA90EF1F00F3F00016DD4E /* Assets.xcassets in Resources */ = {isa = PBXBuildFile; fileRef = 02AA90EE1F00F3F00016DD4E /* Assets.xcassets */; };
		02AA90F21F00F3F00016DD4E /* LaunchScreen.storyboard in Resources */ = {isa = PBXBuildFile; fileRef = 02AA90F01F00F3F00016DD4E /* LaunchScreen.storyboard */; };
/* End PBXBuildFile section */

/* Begin PBXFileReference section */
		02AA90E11F00F3F00016DD4E /* Core Data.app */ = {isa = PBXFileReference; explicitFileType = wrapper.application; includeInIndex = 0; path = "Core Data.app"; sourceTree = BUILT_PRODUCTS_DIR; };
		02AA90E41F00F3F00016DD4E /* AppDelegate.swift */ = {isa = PBXFileReference; lastKnownFileType = sourcecode.swift; path = AppDelegate.swift; sourceTree = "<group>"; };
		02AA90E61F00F3F00016DD4E /* ViewController.swift */ = {isa = PBXFileReference; lastKnownFileType = sourcecode.swift; path = ViewController.swift; sourceTree = "<group>"; };
		02AA90E91F00F3F00016DD4E /* Base */ = {isa = PBXFileReference; lastKnownFileType = file.storyboard; name = Base; path = Base.lproj/Main.storyboard; sourceTree = "<group>"; };
		02AA90EC1F00F3F00016DD4E /* Core_Data.xcdatamodel */ = {isa = PBXFileReference; lastKnownFileType = wrapper.xcdatamodel; path = Core_Data.xcdatamodel; sourceTree = "<group>"; };
		02AA90EE1F00F3F00016DD4E /* Assets.xcassets */ = {isa = PBXFileReference; lastKnownFileType = folder.assetcatalog; path = Assets.xcassets; sourceTree = "<group>"; };
		02AA90F11F00F3F00016DD4E /* Base */ = {isa = PBXFileReference; lastKnownFileType = file.storyboard; name = Base; path = Base.lproj/LaunchScreen.storyboard; sourceTree = "<group>"; };
		02AA90F31F00F3F00016DD4E /* Info.plist */ = {isa = PBXFileReference; lastKnownFileType = text.plist.xml; path = Info.plist; sourceTree = "<group>"; };
/* End PBXFileReference section */

/* Begin PBXFrameworksBuildPhase section */
		02AA90DE1F00F3F00016DD4E /* Frameworks */ = {
			isa = PBXFrameworksBuildPhase;
			buildActionMask = 2147483647;
			files = (
			);
			runOnlyForDeploymentPostprocessing = 0;
		};
/* End PBXFrameworksBuildPhase section */

/* Begin PBXGroup section */
		02AA90D81F00F3F00016DD4E = {
			isa = PBXGroup;
			children = (
				02AA90E31F00F3F00016DD4E /* Core Data */,
				02AA90E21F00F3F00016DD4E /* Products */,
			);
			sourceTree = "<group>";
		};
		02AA90E21F00F3F00016DD4E /* Products */ = {
			isa = PBXGroup;
			children = (
				02AA90E11F00F3F00016DD4E /* Core Data.app */,
			);
			name = Products;
			sourceTree = "<group>";
		};
		02AA90E31F00F3F00016DD4E /* Core Data */ = {
			isa = PBXGroup;
			children = (
				02AA90E41F00F3F00016DD4E /* AppDelegate.swift */,
				02AA90E61F00F3F00016DD4E /* ViewController.swift */,
				02AA90E81F00F3F00016DD4E /* Main.storyboard */,
				02AA90EE1F00F3F00016DD4E /* Assets.xcassets */,
				02AA90F01F00F3F00016DD4E /* LaunchScreen.storyboard */,
				02AA90F31F00F3F00016DD4E /* Info.plist */,
				02AA90EB1F00F3F00016DD4E /* Core_Data.xcdatamodeld */,
			);
			path = "Core Data";
			sourceTree = "<group>";
		};
/* End PBXGroup section */

/* Begin PBXNativeTarget section */
		02AA90E01F00F3F00016DD4E /* Core Data */ = {
			isa = PBXNativeTarget;
			buildConfigurationList = 02AA90F61F00F3F00016DD4E /* Build configuration list for PBXNativeTarget "Core Data" */;
			buildPhases = (
				02AA90DD1F00F3F00016DD4E /* Sources */,
				02AA90DE1F00F3F00016DD4E /* Frameworks */,
				02AA90DF1F00F3F00016DD4E /* Resources */,
			);
			buildRules = (
			);
			dependencies = (
			);
			name = "Core Data";
			productName = "Core Data";
			productReference = 02AA90E11F00F3F00016DD4E /* Core Data.app */;
			productType = "com.apple.product-type.application";
		};
/* End PBXNativeTarget section */

/* Begin PBXProject section */
		02AA90D91F00F3F00016DD4E /* Project object */ = {
			isa = PBXProject;
			attributes = {
				LastSwiftUpdateCheck = 0830;
				LastUpgradeCheck = 0830;
				ORGANIZATIONNAME = Pulkeet;
				TargetAttributes = {
					02AA90E01F00F3F00016DD4E = {
						CreatedOnToolsVersion = 8.3.1;
						ProvisioningStyle = Automatic;
					};
				};
			};
			buildConfigurationList = 02AA90DC1F00F3F00016DD4E /* Build configuration list for PBXProject "Core Data" */;
			compatibilityVersion = "Xcode 3.2";
			developmentRegion = English;
			hasScannedForEncodings = 0;
			knownRegions = (
				en,
				Base,
			);
			mainGroup = 02AA90D81F00F3F00016DD4E;
			productRefGroup = 02AA90E21F00F3F00016DD4E /* Products */;
			projectDirPath = "";
			projectRoot = "";
			targets = (
				02AA90E01F00F3F00016DD4E /* Core Data */,
			);
		};
/* End PBXProject section */

/* Begin PBXResourcesBuildPhase section */
		02AA90DF1F00F3F00016DD4E /* Resources */ = {
			isa = PBXResourcesBuildPhase;
			buildActionMask = 2147483647;
			files = (
				02AA90F21F00F3F00016DD4E /* LaunchScreen.storyboard in Resources */,
				02AA90EF1F00F3F00016DD4E /* Assets.xcassets in Resources */,
				02AA90EA1F00F3F00016DD4E /* Main.storyboard in Resources */,
			);
			runOnlyForDeploymentPostprocessing = 0;
		};
/* End PBXResourcesBuildPhase section */

/* Begin PBXSourcesBuildPhase section */
		02AA90DD1F00F3F00016DD4E /* Sources */ = {
			isa = PBXSourcesBuildPhase;
			buildActionMask = 2147483647;
			files = (
				02AA90E71F00F3F00016DD4E /* ViewController.swift in Sources */,
				02AA90E51F00F3F00016DD4E /* AppDelegate.swift in Sources */,
				02AA90ED1F00F3F00016DD4E /* Core_Data.xcdatamodeld in Sources */,
			);
			runOnlyForDeploymentPostprocessing = 0;
		};
/* End PBXSourcesBuildPhase section */

/* Begin PBXVariantGroup section */
		02AA90E81F00F3F00016DD4E /* Main.storyboard */ = {
			isa = PBXVariantGroup;
			children = (
				02AA90E91F00F3F00016DD4E /* Base */,
			);
			name = Main.storyboard;
			sourceTree = "<group>";
		};
		02AA90F01F00F3F00016DD4E /* LaunchScreen.storyboard */ = {
			isa = PBXVariantGroup;
			children = (
				02AA90F11F00F3F00016DD4E /* Base */,
			);
			name = LaunchScreen.storyboard;
			sourceTree = "<group>";
		};
/* End PBXVariantGroup section */

/* Begin XCBuildConfiguration section */
		02AA90F41F00F3F00016DD4E /* Debug */ = {
			isa = XCBuildConfiguration;
			buildSettings = {
				ALWAYS_SEARCH_USER_PATHS = NO;
				CLANG_ANALYZER_NONNULL = YES;
				CLANG_ANALYZER_NUMBER_OBJECT_CONVERSION = YES_AGGRESSIVE;
				CLANG_CXX_LANGUAGE_STANDARD = "gnu++0x";
				CLANG_CXX_LIBRARY = "libc++";
				CLANG_ENABLE_MODULES = YES;
				CLANG_ENABLE_OBJC_ARC = YES;
				CLANG_WARN_BOOL_CONVERSION = YES;
				CLANG_WARN_CONSTANT_CONVERSION = YES;
				CLANG_WARN_DIRECT_OBJC_ISA_USAGE = YES_ERROR;
				CLANG_WARN_DOCUMENTATION_COMMENTS = YES;
				CLANG_WARN_EMPTY_BODY = YES;
				CLANG_WARN_ENUM_CONVERSION = YES;
				CLANG_WARN_INFINITE_RECURSION = YES;
				CLANG_WARN_INT_CONVERSION = YES;
				CLANG_WARN_OBJC_ROOT_CLASS = YES_ERROR;
				CLANG_WARN_SUSPICIOUS_MOVE = YES;
				CLANG_WARN_UNREACHABLE_CODE = YES;
				CLANG_WARN__DUPLICATE_METHOD_MATCH = YES;
				"CODE_SIGN_IDENTITY[sdk=iphoneos*]" = "iPhone Developer";
				COPY_PHASE_STRIP = NO;
				DEBUG_INFORMATION_FORMAT = dwarf;
				ENABLE_STRICT_OBJC_MSGSEND = YES;
				ENABLE_TESTABILITY = YES;
				GCC_C_LANGUAGE_STANDARD = gnu99;
				GCC_DYNAMIC_NO_PIC = NO;
				GCC_NO_COMMON_BLOCKS = YES;
				GCC_OPTIMIZATION_LEVEL = 0;
				GCC_PREPROCESSOR_DEFINITIONS = (
					"DEBUG=1",
					"$(inherited)",
				);
				GCC_WARN_64_TO_32_BIT_CONVERSION = YES;
				GCC_WARN_ABOUT_RETURN_TYPE = YES_ERROR;
				GCC_WARN_UNDECLARED_SELECTOR = YES;
				GCC_WARN_UNINITIALIZED_AUTOS = YES_AGGRESSIVE;
				GCC_WARN_UNUSED_FUNCTION = YES;
				GCC_WARN_UNUSED_VARIABLE = YES;
				IPHONEOS_DEPLOYMENT_TARGET = 10.3;
				MTL_ENABLE_DEBUG_INFO = YES;
				ONLY_ACTIVE_ARCH = YES;
				SDKROOT = iphoneos;
				SWIFT_ACTIVE_COMPILATION_CONDITIONS = DEBUG;
				SWIFT_OPTIMIZATION_LEVEL = "-Onone";
				TARGETED_DEVICE_FAMILY = "1,2";
			};
			name = Debug;
		};
		02AA90F51F00F3F00016DD4E /* Release */ = {
			isa = XCBuildConfiguration;
			buildSettings = {
				ALWAYS_SEARCH_USER_PATHS = NO;
				CLANG_ANALYZER_NONNULL = YES;
				CLANG_ANALYZER_NUMBER_OBJECT_CONVERSION = YES_AGGRESSIVE;
				CLANG_CXX_LANGUAGE_STANDARD = "gnu++0x";
				CLANG_CXX_LIBRARY = "libc++";
				CLANG_ENABLE_MODULES = YES;
				CLANG_ENABLE_OBJC_ARC = YES;
				CLANG_WARN_BOOL_CONVERSION = YES;
				CLANG_WARN_CONSTANT_CONVERSION = YES;
				CLANG_WARN_DIRECT_OBJC_ISA_USAGE = YES_ERROR;
				CLANG_WARN_DOCUMENTATION_COMMENTS = YES;
				CLANG_WARN_EMPTY_BODY = YES;
				CLANG_WARN_ENUM_CONVERSION = YES;
				CLANG_WARN_INFINITE_RECURSION = YES;
				CLANG_WARN_INT_CONVERSION = YES;
				CLANG_WARN_OBJC_ROOT_CLASS = YES_ERROR;
				CLANG_WARN_SUSPICIOUS_MOVE = YES;
				CLANG_WARN_UNREACHABLE_CODE = YES;
				CLANG_WARN__DUPLICATE_METHOD_MATCH = YES;
				"CODE_SIGN_IDENTITY[sdk=iphoneos*]" = "iPhone Developer";
				COPY_PHASE_STRIP = NO;
				DEBUG_INFORMATION_FORMAT = "dwarf-with-dsym";
				ENABLE_NS_ASSERTIONS = NO;
				ENABLE_STRICT_OBJC_MSGSEND = YES;
				GCC_C_LANGUAGE_STANDARD = gnu99;
				GCC_NO_COMMON_BLOCKS = YES;
				GCC_WARN_64_TO_32_BIT_CONVERSION = YES;
				GCC_WARN_ABOUT_RETURN_TYPE = YES_ERROR;
				GCC_WARN_UNDECLARED_SELECTOR = YES;
				GCC_WARN_UNINITIALIZED_AUTOS = YES_AGGRESSIVE;
				GCC_WARN_UNUSED_FUNCTION = YES;
				GCC_WARN_UNUSED_VARIABLE = YES;
				IPHONEOS_DEPLOYMENT_TARGET = 10.3;
				MTL_ENABLE_DEBUG_INFO = NO;
				SDKROOT = iphoneos;
				SWIFT_OPTIMIZATION_LEVEL = "-Owholemodule";
				TARGETED_DEVICE_FAMILY = "1,2";
				VALIDATE_PRODUCT = YES;
			};
			name = Release;
		};
		02AA90F71F00F3F00016DD4E /* Debug */ = {
			isa = XCBuildConfiguration;
			buildSettings = {
				ASSETCATALOG_COMPILER_APPICON_NAME = AppIcon;
				INFOPLIST_FILE = "Core Data/Info.plist";
				LD_RUNPATH_SEARCH_PATHS = "$(inherited) @executable_path/Frameworks";
				PRODUCT_BUNDLE_IDENTIFIER = "com.something.something.Core-Data";
				PRODUCT_NAME = "$(TARGET_NAME)";
				SWIFT_VERSION = 3.0;
			};
			name = Debug;
		};
		02AA90F81F00F3F00016DD4E /* Release */ = {
			isa = XCBuildConfiguration;
			buildSettings = {
				ASSETCATALOG_COMPILER_APPICON_NAME = AppIcon;
				INFOPLIST_FILE = "Core Data/Info.plist";
				LD_RUNPATH_SEARCH_PATHS = "$(inherited) @executable_path/Frameworks";
				PRODUCT_BUNDLE_IDENTIFIER = "com.something.something.Core-Data";
				PRODUCT_NAME = "$(TARGET_NAME)";
				SWIFT_VERSION = 3.0;
			};
			name = Release;
		};
/* End XCBuildConfiguration section */

/* Begin XCConfigurationList section */
		02AA90DC1F00F3F00016DD4E /* Build configuration list for PBXProject "Core Data" */ = {
			isa = XCConfigurationList;
			buildConfigurations = (
				02AA90F41F00F3F00016DD4E /* Debug */,
				02AA90F51F00F3F00016DD4E /* Release */,
			);
			defaultConfigurationIsVisible = 0;
			defaultConfigurationName = Release;
		};
		02AA90F61F00F3F00016DD4E /* Build configuration list for PBXNativeTarget "Core Data" */ = {
			isa = XCConfigurationList;
			buildConfigurations = (
				02AA90F71F00F3F00016DD4E /* Debug */,
				02AA90F81F00F3F00016DD4E /* Release */,
			);
			defaultConfigurationIsVisible = 0;
		};
/* End XCConfigurationList section */

/* Begin XCVersionGroup section */
		02AA90EB1F00F3F00016DD4E /* Core_Data.xcdatamodeld */ = {
			isa = XCVersionGroup;
			children = (
				02AA90EC1F00F3F00016DD4E /* Core_Data.xcdatamodel */,
			);
			currentVersion = 02AA90EC1F00F3F00016DD4E /* Core_Data.xcdatamodel */;
			path = Core_Data.xcdatamodeld;
			sourceTree = "<group>";
			versionGroupType = wrapper.xcdatamodel;
		};
/* End XCVersionGroup section */
	};
	rootObject = 02AA90D91F00F3F00016DD4E /* Project object */;
}
